
Microsoft Visual Studio Solution File, Format Version 12.00
# Visual Studio Version 17
VisualStudioVersion = 17.7.34024.191
MinimumVisualStudioVersion = 10.0.40219.1
Project("{FAE04EC0-301F-11D3-BF4B-00C04F79EFBC}") = "ConsoleApp1", "ConsoleApp1\ConsoleApp1.csproj", "{F8E5396F-0055-4604-9688-90F8054BA94C}"
EndProject
Global
	GlobalSection(SolutionConfigurationPlatforms) = preSolution
		Debug|Any CPU = Debug|Any CPU
		Release|Any CPU = Release|Any CPU
	EndGlobalSection
	GlobalSection(ProjectConfigurationPlatforms) = postSolution
		{F8E5396F-0055-4604-9688-90F8054BA94C}.Debug|Any CPU.ActiveCfg = Debug|Any CPU
		{F8E5396F-0055-4604-9688-90F8054BA94C}.Debug|Any CPU.Build.0 = Debug|Any CPU
		{F8E5396F-0055-4604-9688-90F8054BA94C}.Release|Any CPU.ActiveCfg = Release|Any CPU
		{F8E5396F-0055-4604-9688-90F8054BA94C}.Release|Any CPU.Build.0 = Release|Any CPU
	EndGlobalSection
	GlobalSection(SolutionProperties) = preSolution
		HideSolutionNode = FALSE
	EndGlobalSection
	GlobalSection(ExtensibilityGlobals) = postSolution
		SolutionGuid = {2D1BCFE4-60A6-44DA-883F-0F755544CD6E}
	EndGlobalSection
EndGlobal
